
Microsoft Visual Studio Solution File, Format Version 12.00
# Visual Studio Version 16
VisualStudioVersion = 16.0.29306.81
MinimumVisualStudioVersion = 10.0.40219.1
Project("{2150E333-8FDC-42A3-9474-1A3956D46DE8}") = "UserInterface", "UserInterface", "{F547173F-7993-4C74-A7F2-6402FAEF876B}"
EndProject
Project("{2150E333-8FDC-42A3-9474-1A3956D46DE8}") = "Application", "Application", "{1E106D20-813B-4AA5-9D33-6B7CD7DAB24F}"
EndProject
Project("{2150E333-8FDC-42A3-9474-1A3956D46DE8}") = "Domain", "Domain", "{BDD3393E-D7D3-4468-93AA-71684F7505C2}"
EndProject
Project("{2150E333-8FDC-42A3-9474-1A3956D46DE8}") = "Infrastructure", "Infrastructure", "{46AAEA21-FD03-4E62-B008-D0726B73B7BF}"
EndProject
Project("{FAE04EC0-301F-11D3-BF4B-00C04F79EFBC}") = "UI.Desktop", "UI.Desktop\UI.Desktop.csproj", "{81C76E48-273F-4553-B7E3-176359E07E09}"
EndProject
Project("{FAE04EC0-301F-11D3-BF4B-00C04F79EFBC}") = "UI.Web", "UI.Web\UI.Web.csproj", "{4FB19E5D-9408-48E9-AA35-935F45ACC1CC}"
EndProject
Project("{FAE04EC0-301F-11D3-BF4B-00C04F79EFBC}") = "Aplication", "Aplication\Aplication.csproj", "{05023C7E-302B-40C5-9EAA-D87AA5BDF57A}"
EndProject
Project("{FAE04EC0-301F-11D3-BF4B-00C04F79EFBC}") = "Aplication.Dto", "Aplication.Dto\Aplication.Dto.csproj", "{EDEBC883-A486-4E36-B521-0C9DAC780FDF}"
EndProject
Project("{FAE04EC0-301F-11D3-BF4B-00C04F79EFBC}") = "Domain.Model", "Domain.Model\Domain.Model.csproj", "{9D2CC3AD-AB0B-4A46-B10F-DA2CBFF0C209}"
EndProject
Project("{FAE04EC0-301F-11D3-BF4B-00C04F79EFBC}") = "Domain.Services", "Domain.Services\Domain.Services.csproj", "{A74D7034-6D33-4F42-BC9B-4AF32AB16670}"
EndProject
Project("{FAE04EC0-301F-11D3-BF4B-00C04F79EFBC}") = "Infra.DataAccess", "Infra.DataAccess\Infra.DataAccess.csproj", "{E8314F22-69AC-463F-8ABC-2454A1E318F1}"
EndProject
Project("{FAE04EC0-301F-11D3-BF4B-00C04F79EFBC}") = "Infra.EmailService", "Infra.EmailService\Infra.EmailService.csproj", "{63D3B5A2-E56D-4BC7-8513-4F3C37CE524D}"
EndProject
Project("{FAE04EC0-301F-11D3-BF4B-00C04F79EFBC}") = "Infra.ExternalServices", "Infra.ExternalServices\Infra.ExternalServices.csproj", "{9FB9DFEF-3177-4AC2-A7E3-F7E754916838}"
EndProject
Project("{FAE04EC0-301F-11D3-BF4B-00C04F79EFBC}") = "Infra.CrossCutting", "Infra.CrossCutting\Infra.CrossCutting.csproj", "{D75C82CE-62C5-45C4-8FF7-D1C17B929265}"
EndProject
Global
	GlobalSection(SolutionConfigurationPlatforms) = preSolution
		Debug|Any CPU = Debug|Any CPU
		Release|Any CPU = Release|Any CPU
	EndGlobalSection
	GlobalSection(ProjectConfigurationPlatforms) = postSolution
		{81C76E48-273F-4553-B7E3-176359E07E09}.Debug|Any CPU.ActiveCfg = Debug|Any CPU
		{81C76E48-273F-4553-B7E3-176359E07E09}.Debug|Any CPU.Build.0 = Debug|Any CPU
		{81C76E48-273F-4553-B7E3-176359E07E09}.Release|Any CPU.ActiveCfg = Release|Any CPU
		{81C76E48-273F-4553-B7E3-176359E07E09}.Release|Any CPU.Build.0 = Release|Any CPU
		{4FB19E5D-9408-48E9-AA35-935F45ACC1CC}.Debug|Any CPU.ActiveCfg = Debug|Any CPU
		{4FB19E5D-9408-48E9-AA35-935F45ACC1CC}.Debug|Any CPU.Build.0 = Debug|Any CPU
		{4FB19E5D-9408-48E9-AA35-935F45ACC1CC}.Release|Any CPU.ActiveCfg = Release|Any CPU
		{4FB19E5D-9408-48E9-AA35-935F45ACC1CC}.Release|Any CPU.Build.0 = Release|Any CPU
		{05023C7E-302B-40C5-9EAA-D87AA5BDF57A}.Debug|Any CPU.ActiveCfg = Debug|Any CPU
		{05023C7E-302B-40C5-9EAA-D87AA5BDF57A}.Debug|Any CPU.Build.0 = Debug|Any CPU
		{05023C7E-302B-40C5-9EAA-D87AA5BDF57A}.Release|Any CPU.ActiveCfg = Release|Any CPU
		{05023C7E-302B-40C5-9EAA-D87AA5BDF57A}.Release|Any CPU.Build.0 = Release|Any CPU
		{EDEBC883-A486-4E36-B521-0C9DAC780FDF}.Debug|Any CPU.ActiveCfg = Debug|Any CPU
		{EDEBC883-A486-4E36-B521-0C9DAC780FDF}.Debug|Any CPU.Build.0 = Debug|Any CPU
		{EDEBC883-A486-4E36-B521-0C9DAC780FDF}.Release|Any CPU.ActiveCfg = Release|Any CPU
		{EDEBC883-A486-4E36-B521-0C9DAC780FDF}.Release|Any CPU.Build.0 = Release|Any CPU
		{9D2CC3AD-AB0B-4A46-B10F-DA2CBFF0C209}.Debug|Any CPU.ActiveCfg = Debug|Any CPU
		{9D2CC3AD-AB0B-4A46-B10F-DA2CBFF0C209}.Debug|Any CPU.Build.0 = Debug|Any CPU
		{9D2CC3AD-AB0B-4A46-B10F-DA2CBFF0C209}.Release|Any CPU.ActiveCfg = Release|Any CPU
		{9D2CC3AD-AB0B-4A46-B10F-DA2CBFF0C209}.Release|Any CPU.Build.0 = Release|Any CPU
		{A74D7034-6D33-4F42-BC9B-4AF32AB16670}.Debug|Any CPU.ActiveCfg = Debug|Any CPU
		{A74D7034-6D33-4F42-BC9B-4AF32AB16670}.Debug|Any CPU.Build.0 = Debug|Any CPU
		{A74D7034-6D33-4F42-BC9B-4AF32AB16670}.Release|Any CPU.ActiveCfg = Release|Any CPU
		{A74D7034-6D33-4F42-BC9B-4AF32AB16670}.Release|Any CPU.Build.0 = Release|Any CPU
		{E8314F22-69AC-463F-8ABC-2454A1E318F1}.Debug|Any CPU.ActiveCfg = Debug|Any CPU
		{E8314F22-69AC-463F-8ABC-2454A1E318F1}.Debug|Any CPU.Build.0 = Debug|Any CPU
		{E8314F22-69AC-463F-8ABC-2454A1E318F1}.Release|Any CPU.ActiveCfg = Release|Any CPU
		{E8314F22-69AC-463F-8ABC-2454A1E318F1}.Release|Any CPU.Build.0 = Release|Any CPU
		{63D3B5A2-E56D-4BC7-8513-4F3C37CE524D}.Debug|Any CPU.ActiveCfg = Debug|Any CPU
		{63D3B5A2-E56D-4BC7-8513-4F3C37CE524D}.Debug|Any CPU.Build.0 = Debug|Any CPU
		{63D3B5A2-E56D-4BC7-8513-4F3C37CE524D}.Release|Any CPU.ActiveCfg = Release|Any CPU
		{63D3B5A2-E56D-4BC7-8513-4F3C37CE524D}.Release|Any CPU.Build.0 = Release|Any CPU
		{9FB9DFEF-3177-4AC2-A7E3-F7E754916838}.Debug|Any CPU.ActiveCfg = Debug|Any CPU
		{9FB9DFEF-3177-4AC2-A7E3-F7E754916838}.Debug|Any CPU.Build.0 = Debug|Any CPU
		{9FB9DFEF-3177-4AC2-A7E3-F7E754916838}.Release|Any CPU.ActiveCfg = Release|Any CPU
		{9FB9DFEF-3177-4AC2-A7E3-F7E754916838}.Release|Any CPU.Build.0 = Release|Any CPU
		{D75C82CE-62C5-45C4-8FF7-D1C17B929265}.Debug|Any CPU.ActiveCfg = Debug|Any CPU
		{D75C82CE-62C5-45C4-8FF7-D1C17B929265}.Debug|Any CPU.Build.0 = Debug|Any CPU
		{D75C82CE-62C5-45C4-8FF7-D1C17B929265}.Release|Any CPU.ActiveCfg = Release|Any CPU
		{D75C82CE-62C5-45C4-8FF7-D1C17B929265}.Release|Any CPU.Build.0 = Release|Any CPU
	EndGlobalSection
	GlobalSection(SolutionProperties) = preSolution
		HideSolutionNode = FALSE
	EndGlobalSection
	GlobalSection(NestedProjects) = preSolution
		{81C76E48-273F-4553-B7E3-176359E07E09} = {F547173F-7993-4C74-A7F2-6402FAEF876B}
		{4FB19E5D-9408-48E9-AA35-935F45ACC1CC} = {F547173F-7993-4C74-A7F2-6402FAEF876B}
		{05023C7E-302B-40C5-9EAA-D87AA5BDF57A} = {1E106D20-813B-4AA5-9D33-6B7CD7DAB24F}
		{EDEBC883-A486-4E36-B521-0C9DAC780FDF} = {1E106D20-813B-4AA5-9D33-6B7CD7DAB24F}
		{9D2CC3AD-AB0B-4A46-B10F-DA2CBFF0C209} = {BDD3393E-D7D3-4468-93AA-71684F7505C2}
		{A74D7034-6D33-4F42-BC9B-4AF32AB16670} = {BDD3393E-D7D3-4468-93AA-71684F7505C2}
		{E8314F22-69AC-463F-8ABC-2454A1E318F1} = {46AAEA21-FD03-4E62-B008-D0726B73B7BF}
		{63D3B5A2-E56D-4BC7-8513-4F3C37CE524D} = {46AAEA21-FD03-4E62-B008-D0726B73B7BF}
		{9FB9DFEF-3177-4AC2-A7E3-F7E754916838} = {46AAEA21-FD03-4E62-B008-D0726B73B7BF}
		{D75C82CE-62C5-45C4-8FF7-D1C17B929265} = {46AAEA21-FD03-4E62-B008-D0726B73B7BF}
	EndGlobalSection
	GlobalSection(ExtensibilityGlobals) = postSolution
		SolutionGuid = {0937CC91-A18F-4BB3-BCA0-E429B1493E49}
	EndGlobalSection
EndGlobal
